
Microsoft Visual Studio Solution File, Format Version 12.00
# Visual Studio Version 16
VisualStudioVersion = 16.0.29911.84
MinimumVisualStudioVersion = 10.0.40219.1
Project("{8BC9CEB8-8B4A-11D0-8D11-00A0C91BC942}") = "numc", "numc.vcxproj", "{D2734BFD-1A77-4081-AA90-0E4FF40441BB}"
EndProject
Global
	GlobalSection(SolutionConfigurationPlatforms) = preSolution
		Debug|x64 = Debug|x64
		Debug|x86 = Debug|x86
		Release|x64 = Release|x64
		Release|x86 = Release|x86
	EndGlobalSection
	GlobalSection(ProjectConfigurationPlatforms) = postSolution
		{D2734BFD-1A77-4081-AA90-0E4FF40441BB}.Debug|x64.ActiveCfg = Debug|x64
		{D2734BFD-1A77-4081-AA90-0E4FF40441BB}.Debug|x64.Build.0 = Debug|x64
		{D2734BFD-1A77-4081-AA90-0E4FF40441BB}.Debug|x86.ActiveCfg = Debug|Win32
		{D2734BFD-1A77-4081-AA90-0E4FF40441BB}.Debug|x86.Build.0 = Debug|Win32
		{D2734BFD-1A77-4081-AA90-0E4FF40441BB}.Release|x64.ActiveCfg = Release|x64
		{D2734BFD-1A77-4081-AA90-0E4FF40441BB}.Release|x64.Build.0 = Release|x64
		{D2734BFD-1A77-4081-AA90-0E4FF40441BB}.Release|x86.ActiveCfg = Release|Win32
		{D2734BFD-1A77-4081-AA90-0E4FF40441BB}.Release|x86.Build.0 = Release|Win32
	EndGlobalSection
	GlobalSection(SolutionProperties) = preSolution
		HideSolutionNode = FALSE
	EndGlobalSection
	GlobalSection(ExtensibilityGlobals) = postSolution
		SolutionGuid = {BE46D92E-E4DC-47AD-9F25-0DED1082A132}
	EndGlobalSection
EndGlobal
